
Microsoft Visual Studio Solution File, Format Version 12.00
# Visual Studio 14
VisualStudioVersion = 14.0.25123.0
MinimumVisualStudioVersion = 10.0.40219.1
Project("{FAE04EC0-301F-11D3-BF4B-00C04F79EFBC}") = "TeduShop.Common", "TeduShop.Common\TeduShop.Common.csproj", "{33772FB3-05AA-4E4D-BF9F-67FE00B6754B}"
EndProject
Project("{FAE04EC0-301F-11D3-BF4B-00C04F79EFBC}") = "TeduShop.Model", "TeduShop.Model\TeduShop.Model.csproj", "{71FE0925-071C-43D9-8091-12971E734EE2}"
EndProject
Project("{FAE04EC0-301F-11D3-BF4B-00C04F79EFBC}") = "TeduShop.Service", "TeduShop.Service\TeduShop.Service.csproj", "{B821D580-74FD-4E5F-A232-540FCB15311F}"
EndProject
Project("{FAE04EC0-301F-11D3-BF4B-00C04F79EFBC}") = "TeduShop.UnitTest", "TeduShop.UnitTest\TeduShop.UnitTest.csproj", "{737C83AD-D8B9-46AC-A47B-CD52E206EE07}"
EndProject
Project("{FAE04EC0-301F-11D3-BF4B-00C04F79EFBC}") = "TeduShop.Web", "TeduShop.Web\TeduShop.Web.csproj", "{2E697F6B-92DF-4CAA-96B9-7765AEF466C1}"
EndProject
Project("{FAE04EC0-301F-11D3-BF4B-00C04F79EFBC}") = "TeduShop.Data", "TeduShop.Data\TeduShop.Data.csproj", "{F712012C-D5C1-4449-8AAE-5063EC26FF0B}"
EndProject
Global
	GlobalSection(SolutionConfigurationPlatforms) = preSolution
		Debug|Any CPU = Debug|Any CPU
		Release|Any CPU = Release|Any CPU
	EndGlobalSection
	GlobalSection(ProjectConfigurationPlatforms) = postSolution
		{33772FB3-05AA-4E4D-BF9F-67FE00B6754B}.Debug|Any CPU.ActiveCfg = Debug|Any CPU
		{33772FB3-05AA-4E4D-BF9F-67FE00B6754B}.Debug|Any CPU.Build.0 = Debug|Any CPU
		{33772FB3-05AA-4E4D-BF9F-67FE00B6754B}.Release|Any CPU.ActiveCfg = Release|Any CPU
		{33772FB3-05AA-4E4D-BF9F-67FE00B6754B}.Release|Any CPU.Build.0 = Release|Any CPU
		{71FE0925-071C-43D9-8091-12971E734EE2}.Debug|Any CPU.ActiveCfg = Debug|Any CPU
		{71FE0925-071C-43D9-8091-12971E734EE2}.Debug|Any CPU.Build.0 = Debug|Any CPU
		{71FE0925-071C-43D9-8091-12971E734EE2}.Release|Any CPU.ActiveCfg = Release|Any CPU
		{71FE0925-071C-43D9-8091-12971E734EE2}.Release|Any CPU.Build.0 = Release|Any CPU
		{B821D580-74FD-4E5F-A232-540FCB15311F}.Debug|Any CPU.ActiveCfg = Debug|Any CPU
		{B821D580-74FD-4E5F-A232-540FCB15311F}.Debug|Any CPU.Build.0 = Debug|Any CPU
		{B821D580-74FD-4E5F-A232-540FCB15311F}.Release|Any CPU.ActiveCfg = Release|Any CPU
		{B821D580-74FD-4E5F-A232-540FCB15311F}.Release|Any CPU.Build.0 = Release|Any CPU
		{737C83AD-D8B9-46AC-A47B-CD52E206EE07}.Debug|Any CPU.ActiveCfg = Debug|Any CPU
		{737C83AD-D8B9-46AC-A47B-CD52E206EE07}.Debug|Any CPU.Build.0 = Debug|Any CPU
		{737C83AD-D8B9-46AC-A47B-CD52E206EE07}.Release|Any CPU.ActiveCfg = Release|Any CPU
		{737C83AD-D8B9-46AC-A47B-CD52E206EE07}.Release|Any CPU.Build.0 = Release|Any CPU
		{2E697F6B-92DF-4CAA-96B9-7765AEF466C1}.Debug|Any CPU.ActiveCfg = Debug|Any CPU
		{2E697F6B-92DF-4CAA-96B9-7765AEF466C1}.Debug|Any CPU.Build.0 = Debug|Any CPU
		{2E697F6B-92DF-4CAA-96B9-7765AEF466C1}.Release|Any CPU.ActiveCfg = Release|Any CPU
		{2E697F6B-92DF-4CAA-96B9-7765AEF466C1}.Release|Any CPU.Build.0 = Release|Any CPU
		{F712012C-D5C1-4449-8AAE-5063EC26FF0B}.Debug|Any CPU.ActiveCfg = Debug|Any CPU
		{F712012C-D5C1-4449-8AAE-5063EC26FF0B}.Debug|Any CPU.Build.0 = Debug|Any CPU
		{F712012C-D5C1-4449-8AAE-5063EC26FF0B}.Release|Any CPU.ActiveCfg = Release|Any CPU
		{F712012C-D5C1-4449-8AAE-5063EC26FF0B}.Release|Any CPU.Build.0 = Release|Any CPU
	EndGlobalSection
	GlobalSection(SolutionProperties) = preSolution
		HideSolutionNode = FALSE
	EndGlobalSection
EndGlobal
